
Microsoft Visual Studio Solution File, Format Version 12.00
# Visual Studio 2013
VisualStudioVersion = 12.0.30723.0
MinimumVisualStudioVersion = 10.0.40219.1
Project("{FAE04EC0-301F-11D3-BF4B-00C04F79EFBC}") = "FundsLibrary.InterviewTest.Web", "FundsLibrary.InterviewTest.Web\FundsLibrary.InterviewTest.Web.csproj", "{4CBD696C-BEDD-48FE-879C-A2009BC1F86D}"
EndProject
Project("{FAE04EC0-301F-11D3-BF4B-00C04F79EFBC}") = "FundsLibrary.InterviewTest.Web.UnitTests", "FundsLibrary.InterviewTest.Web.UnitTests\FundsLibrary.InterviewTest.Web.UnitTests.csproj", "{EE771D86-5D96-4954-85C2-8319DDE6D024}"
EndProject
Global
	GlobalSection(SolutionConfigurationPlatforms) = preSolution
		Debug|Any CPU = Debug|Any CPU
		Release|Any CPU = Release|Any CPU
	EndGlobalSection
	GlobalSection(ProjectConfigurationPlatforms) = postSolution
		{4CBD696C-BEDD-48FE-879C-A2009BC1F86D}.Debug|Any CPU.ActiveCfg = Debug|Any CPU
		{4CBD696C-BEDD-48FE-879C-A2009BC1F86D}.Debug|Any CPU.Build.0 = Debug|Any CPU
		{4CBD696C-BEDD-48FE-879C-A2009BC1F86D}.Release|Any CPU.ActiveCfg = Release|Any CPU
		{4CBD696C-BEDD-48FE-879C-A2009BC1F86D}.Release|Any CPU.Build.0 = Release|Any CPU
		{EE771D86-5D96-4954-85C2-8319DDE6D024}.Debug|Any CPU.ActiveCfg = Debug|Any CPU
		{EE771D86-5D96-4954-85C2-8319DDE6D024}.Debug|Any CPU.Build.0 = Debug|Any CPU
		{EE771D86-5D96-4954-85C2-8319DDE6D024}.Release|Any CPU.ActiveCfg = Release|Any CPU
		{EE771D86-5D96-4954-85C2-8319DDE6D024}.Release|Any CPU.Build.0 = Release|Any CPU
	EndGlobalSection
	GlobalSection(SolutionProperties) = preSolution
		HideSolutionNode = FALSE
	EndGlobalSection
EndGlobal
